
Microsoft Visual Studio Solution File, Format Version 12.00
# Visual Studio Version 17
VisualStudioVersion = 17.13.35931.197 d17.13
MinimumVisualStudioVersion = 10.0.40219.1
Project("{FAE04EC0-301F-11D3-BF4B-00C04F79EFBC}") = "OOP-CalcSharp", "OOP-CalcSharp\OOP-CalcSharp.csproj", "{783D3349-38DD-42F8-A162-CAA8EAC0F0B5}"
EndProject
Global
	GlobalSection(SolutionConfigurationPlatforms) = preSolution
		Debug|Any CPU = Debug|Any CPU
		Release|Any CPU = Release|Any CPU
	EndGlobalSection
	GlobalSection(ProjectConfigurationPlatforms) = postSolution
		{783D3349-38DD-42F8-A162-CAA8EAC0F0B5}.Debug|Any CPU.ActiveCfg = Debug|Any CPU
		{783D3349-38DD-42F8-A162-CAA8EAC0F0B5}.Debug|Any CPU.Build.0 = Debug|Any CPU
		{783D3349-38DD-42F8-A162-CAA8EAC0F0B5}.Release|Any CPU.ActiveCfg = Release|Any CPU
		{783D3349-38DD-42F8-A162-CAA8EAC0F0B5}.Release|Any CPU.Build.0 = Release|Any CPU
	EndGlobalSection
	GlobalSection(SolutionProperties) = preSolution
		HideSolutionNode = FALSE
	EndGlobalSection
	GlobalSection(ExtensibilityGlobals) = postSolution
		SolutionGuid = {260F3CA8-6CBE-4423-9DAB-6384983D41C8}
	EndGlobalSection
EndGlobal
